
Microsoft Visual Studio Solution File, Format Version 12.00
# Visual Studio 15
VisualStudioVersion = 15.0.27004.2005
MinimumVisualStudioVersion = 10.0.40219.1
Project("{FAE04EC0-301F-11D3-BF4B-00C04F79EFBC}") = "BallCuber", "BallCuber\BallCuber.csproj", "{2A235646-52EA-432D-A9E1-95934129E7F8}"
EndProject
Project("{8BC9CEB8-8B4A-11D0-8D11-00A0C91BC942}") = "Arduino", "Arduino\Arduino.vcxproj", "{C5F80730-F44F-4478-BDAE-6634EFC2CA88}"
EndProject
Project("{8BC9CEB8-8B4A-11D0-8D11-00A0C91BC942}") = "TestStepper", "TestStepper\TestStepper.vcxproj", "{280CB34B-FEBD-4F3E-9B7C-77D41F388D0A}"
EndProject
Project("{FAE04EC0-301F-11D3-BF4B-00C04F79EFBC}") = "TestImageProcessing", "TestImageProcessing\TestImageProcessing.csproj", "{83EFCC04-D0C9-4A92-B7CE-8BD2EEC86031}"
EndProject
Project("{FAE04EC0-301F-11D3-BF4B-00C04F79EFBC}") = "TestAlgoClassification", "TestAlgoClassification\TestAlgoClassification.csproj", "{00B39A9B-F022-4D9A-BB55-6755D835D923}"
EndProject
Project("{8BC9CEB8-8B4A-11D0-8D11-00A0C91BC942}") = "TestAbsoluteEncoder", "TestAbsoluteEncoder\TestAbsoluteEncoder.vcxproj", "{03D1EC62-659B-40E2-8234-170FBB01C071}"
EndProject
Global
	GlobalSection(SolutionConfigurationPlatforms) = preSolution
		Debug|Any CPU = Debug|Any CPU
		Debug|x64 = Debug|x64
		Debug|x86 = Debug|x86
		Release|Any CPU = Release|Any CPU
		Release|x64 = Release|x64
		Release|x86 = Release|x86
	EndGlobalSection
	GlobalSection(ProjectConfigurationPlatforms) = postSolution
		{2A235646-52EA-432D-A9E1-95934129E7F8}.Debug|Any CPU.ActiveCfg = Debug|Any CPU
		{2A235646-52EA-432D-A9E1-95934129E7F8}.Debug|Any CPU.Build.0 = Debug|Any CPU
		{2A235646-52EA-432D-A9E1-95934129E7F8}.Debug|x64.ActiveCfg = Debug|x64
		{2A235646-52EA-432D-A9E1-95934129E7F8}.Debug|x64.Build.0 = Debug|x64
		{2A235646-52EA-432D-A9E1-95934129E7F8}.Debug|x86.ActiveCfg = Debug|Any CPU
		{2A235646-52EA-432D-A9E1-95934129E7F8}.Debug|x86.Build.0 = Debug|Any CPU
		{2A235646-52EA-432D-A9E1-95934129E7F8}.Release|Any CPU.ActiveCfg = Release|Any CPU
		{2A235646-52EA-432D-A9E1-95934129E7F8}.Release|Any CPU.Build.0 = Release|Any CPU
		{2A235646-52EA-432D-A9E1-95934129E7F8}.Release|x64.ActiveCfg = Release|x64
		{2A235646-52EA-432D-A9E1-95934129E7F8}.Release|x64.Build.0 = Release|x64
		{2A235646-52EA-432D-A9E1-95934129E7F8}.Release|x86.ActiveCfg = Release|Any CPU
		{2A235646-52EA-432D-A9E1-95934129E7F8}.Release|x86.Build.0 = Release|Any CPU
		{C5F80730-F44F-4478-BDAE-6634EFC2CA88}.Debug|Any CPU.ActiveCfg = Debug|Win32
		{C5F80730-F44F-4478-BDAE-6634EFC2CA88}.Debug|Any CPU.Deploy.0 = Debug|Win32
		{C5F80730-F44F-4478-BDAE-6634EFC2CA88}.Debug|x64.ActiveCfg = Debug|Win32
		{C5F80730-F44F-4478-BDAE-6634EFC2CA88}.Debug|x86.ActiveCfg = Debug|Win32
		{C5F80730-F44F-4478-BDAE-6634EFC2CA88}.Debug|x86.Build.0 = Debug|Win32
		{C5F80730-F44F-4478-BDAE-6634EFC2CA88}.Release|Any CPU.ActiveCfg = Release|Win32
		{C5F80730-F44F-4478-BDAE-6634EFC2CA88}.Release|x64.ActiveCfg = Release|Win32
		{C5F80730-F44F-4478-BDAE-6634EFC2CA88}.Release|x86.ActiveCfg = Release|Win32
		{C5F80730-F44F-4478-BDAE-6634EFC2CA88}.Release|x86.Build.0 = Release|Win32
		{280CB34B-FEBD-4F3E-9B7C-77D41F388D0A}.Debug|Any CPU.ActiveCfg = Debug|Win32
		{280CB34B-FEBD-4F3E-9B7C-77D41F388D0A}.Debug|x64.ActiveCfg = Debug|Win32
		{280CB34B-FEBD-4F3E-9B7C-77D41F388D0A}.Debug|x86.ActiveCfg = Debug|Win32
		{280CB34B-FEBD-4F3E-9B7C-77D41F388D0A}.Debug|x86.Build.0 = Debug|Win32
		{280CB34B-FEBD-4F3E-9B7C-77D41F388D0A}.Release|Any CPU.ActiveCfg = Release|Win32
		{280CB34B-FEBD-4F3E-9B7C-77D41F388D0A}.Release|x64.ActiveCfg = Release|Win32
		{280CB34B-FEBD-4F3E-9B7C-77D41F388D0A}.Release|x86.ActiveCfg = Release|Win32
		{280CB34B-FEBD-4F3E-9B7C-77D41F388D0A}.Release|x86.Build.0 = Release|Win32
		{83EFCC04-D0C9-4A92-B7CE-8BD2EEC86031}.Debug|Any CPU.ActiveCfg = Debug|Any CPU
		{83EFCC04-D0C9-4A92-B7CE-8BD2EEC86031}.Debug|Any CPU.Build.0 = Debug|Any CPU
		{83EFCC04-D0C9-4A92-B7CE-8BD2EEC86031}.Debug|x64.ActiveCfg = Debug|Any CPU
		{83EFCC04-D0C9-4A92-B7CE-8BD2EEC86031}.Debug|x64.Build.0 = Debug|Any CPU
		{83EFCC04-D0C9-4A92-B7CE-8BD2EEC86031}.Debug|x86.ActiveCfg = Debug|Any CPU
		{83EFCC04-D0C9-4A92-B7CE-8BD2EEC86031}.Debug|x86.Build.0 = Debug|Any CPU
		{83EFCC04-D0C9-4A92-B7CE-8BD2EEC86031}.Release|Any CPU.ActiveCfg = Release|Any CPU
		{83EFCC04-D0C9-4A92-B7CE-8BD2EEC86031}.Release|Any CPU.Build.0 = Release|Any CPU
		{83EFCC04-D0C9-4A92-B7CE-8BD2EEC86031}.Release|x64.ActiveCfg = Release|Any CPU
		{83EFCC04-D0C9-4A92-B7CE-8BD2EEC86031}.Release|x64.Build.0 = Release|Any CPU
		{83EFCC04-D0C9-4A92-B7CE-8BD2EEC86031}.Release|x86.ActiveCfg = Release|Any CPU
		{83EFCC04-D0C9-4A92-B7CE-8BD2EEC86031}.Release|x86.Build.0 = Release|Any CPU
		{00B39A9B-F022-4D9A-BB55-6755D835D923}.Debug|Any CPU.ActiveCfg = Debug|Any CPU
		{00B39A9B-F022-4D9A-BB55-6755D835D923}.Debug|Any CPU.Build.0 = Debug|Any CPU
		{00B39A9B-F022-4D9A-BB55-6755D835D923}.Debug|x64.ActiveCfg = Debug|Any CPU
		{00B39A9B-F022-4D9A-BB55-6755D835D923}.Debug|x64.Build.0 = Debug|Any CPU
		{00B39A9B-F022-4D9A-BB55-6755D835D923}.Debug|x86.ActiveCfg = Debug|Any CPU
		{00B39A9B-F022-4D9A-BB55-6755D835D923}.Debug|x86.Build.0 = Debug|Any CPU
		{00B39A9B-F022-4D9A-BB55-6755D835D923}.Release|Any CPU.ActiveCfg = Release|Any CPU
		{00B39A9B-F022-4D9A-BB55-6755D835D923}.Release|Any CPU.Build.0 = Release|Any CPU
		{00B39A9B-F022-4D9A-BB55-6755D835D923}.Release|x64.ActiveCfg = Release|Any CPU
		{00B39A9B-F022-4D9A-BB55-6755D835D923}.Release|x64.Build.0 = Release|Any CPU
		{00B39A9B-F022-4D9A-BB55-6755D835D923}.Release|x86.ActiveCfg = Release|Any CPU
		{00B39A9B-F022-4D9A-BB55-6755D835D923}.Release|x86.Build.0 = Release|Any CPU
		{03D1EC62-659B-40E2-8234-170FBB01C071}.Debug|Any CPU.ActiveCfg = Debug|Win32
		{03D1EC62-659B-40E2-8234-170FBB01C071}.Debug|x64.ActiveCfg = Debug|Win32
		{03D1EC62-659B-40E2-8234-170FBB01C071}.Debug|x86.ActiveCfg = Debug|Win32
		{03D1EC62-659B-40E2-8234-170FBB01C071}.Debug|x86.Build.0 = Debug|Win32
		{03D1EC62-659B-40E2-8234-170FBB01C071}.Release|Any CPU.ActiveCfg = Release|Win32
		{03D1EC62-659B-40E2-8234-170FBB01C071}.Release|x64.ActiveCfg = Release|Win32
		{03D1EC62-659B-40E2-8234-170FBB01C071}.Release|x86.ActiveCfg = Release|Win32
		{03D1EC62-659B-40E2-8234-170FBB01C071}.Release|x86.Build.0 = Release|Win32
	EndGlobalSection
	GlobalSection(SolutionProperties) = preSolution
		HideSolutionNode = FALSE
	EndGlobalSection
	GlobalSection(ExtensibilityGlobals) = postSolution
		SolutionGuid = {B900CD23-E8DE-4DD2-B48E-1813B012D8C1}
	EndGlobalSection
EndGlobal
